
Microsoft Visual Studio Solution File, Format Version 12.00
# Visual Studio 15
VisualStudioVersion = 15.0.28307.102
MinimumVisualStudioVersion = 10.0.40219.1
Project("{FAE04EC0-301F-11D3-BF4B-00C04F79EFBC}") = "Niroshana.Architecture", "Architecture\Niroshana.Architecture.csproj", "{9F5E0668-CDBB-434C-9B2B-609B8D1E3312}"
EndProject
Project("{FAE04EC0-301F-11D3-BF4B-00C04F79EFBC}") = "Niroshana.Entity", "Niroshana.Entity\Niroshana.Entity.csproj", "{2E47A124-7445-4781-A9F9-8165FCCCF3BF}"
EndProject
Global
	GlobalSection(SolutionConfigurationPlatforms) = preSolution
		Debug|Any CPU = Debug|Any CPU
		Release|Any CPU = Release|Any CPU
	EndGlobalSection
	GlobalSection(ProjectConfigurationPlatforms) = postSolution
		{9F5E0668-CDBB-434C-9B2B-609B8D1E3312}.Debug|Any CPU.ActiveCfg = Debug|Any CPU
		{9F5E0668-CDBB-434C-9B2B-609B8D1E3312}.Debug|Any CPU.Build.0 = Debug|Any CPU
		{9F5E0668-CDBB-434C-9B2B-609B8D1E3312}.Release|Any CPU.ActiveCfg = Release|Any CPU
		{9F5E0668-CDBB-434C-9B2B-609B8D1E3312}.Release|Any CPU.Build.0 = Release|Any CPU
		{2E47A124-7445-4781-A9F9-8165FCCCF3BF}.Debug|Any CPU.ActiveCfg = Debug|Any CPU
		{2E47A124-7445-4781-A9F9-8165FCCCF3BF}.Debug|Any CPU.Build.0 = Debug|Any CPU
		{2E47A124-7445-4781-A9F9-8165FCCCF3BF}.Release|Any CPU.ActiveCfg = Release|Any CPU
		{2E47A124-7445-4781-A9F9-8165FCCCF3BF}.Release|Any CPU.Build.0 = Release|Any CPU
	EndGlobalSection
	GlobalSection(SolutionProperties) = preSolution
		HideSolutionNode = FALSE
	EndGlobalSection
	GlobalSection(ExtensibilityGlobals) = postSolution
		SolutionGuid = {39F378E9-7A8F-4D9C-B26C-EBD41996306A}
	EndGlobalSection
EndGlobal
